// !$*UTF8*$!
{
	archiveVersion = 1;
	classes = {
	};
	objectVersion = 46;
	objects = {

/* Begin PBXBuildFile section */
		E0A5AE9E1D03D50800E4337E /* AppDelegate.swift in Sources */ = {isa = PBXBuildFile; fileRef = E0A5AE9D1D03D50800E4337E /* AppDelegate.swift */; };
		E0A5AEA01D03D50800E4337E /* ViewController.swift in Sources */ = {isa = PBXBuildFile; fileRef = E0A5AE9F1D03D50800E4337E /* ViewController.swift */; };
		E0A5AEA31D03D50800E4337E /* Main.storyboard in Resources */ = {isa = PBXBuildFile; fileRef = E0A5AEA11D03D50800E4337E /* Main.storyboard */; };
		E0A5AEA61D03D50900E4337E /* WeatherForeCast_Swift.xcdatamodeld in Sources */ = {isa = PBXBuildFile; fileRef = E0A5AEA41D03D50800E4337E /* WeatherForeCast_Swift.xcdatamodeld */; };
		E0A5AEA81D03D50900E4337E /* Assets.xcassets in Resources */ = {isa = PBXBuildFile; fileRef = E0A5AEA71D03D50900E4337E /* Assets.xcassets */; };
		E0A5AEAB1D03D50900E4337E /* LaunchScreen.storyboard in Resources */ = {isa = PBXBuildFile; fileRef = E0A5AEA91D03D50900E4337E /* LaunchScreen.storyboard */; };
/* End PBXBuildFile section */

/* Begin PBXFileReference section */
		E0A5AE9A1D03D50800E4337E /* WeatherForeCast.Swift.app */ = {isa = PBXFileReference; explicitFileType = wrapper.application; includeInIndex = 0; path = WeatherForeCast.Swift.app; sourceTree = BUILT_PRODUCTS_DIR; };
		E0A5AE9D1D03D50800E4337E /* AppDelegate.swift */ = {isa = PBXFileReference; lastKnownFileType = sourcecode.swift; path = AppDelegate.swift; sourceTree = "<group>"; };
		E0A5AE9F1D03D50800E4337E /* ViewController.swift */ = {isa = PBXFileReference; lastKnownFileType = sourcecode.swift; path = ViewController.swift; sourceTree = "<group>"; };
		E0A5AEA21D03D50800E4337E /* Base */ = {isa = PBXFileReference; lastKnownFileType = file.storyboard; name = Base; path = Base.lproj/Main.storyboard; sourceTree = "<group>"; };
		E0A5AEA51D03D50800E4337E /* WeatherForeCast_Swift.xcdatamodel */ = {isa = PBXFileReference; lastKnownFileType = wrapper.xcdatamodel; path = WeatherForeCast_Swift.xcdatamodel; sourceTree = "<group>"; };
		E0A5AEA71D03D50900E4337E /* Assets.xcassets */ = {isa = PBXFileReference; lastKnownFileType = folder.assetcatalog; path = Assets.xcassets; sourceTree = "<group>"; };
		E0A5AEAA1D03D50900E4337E /* Base */ = {isa = PBXFileReference; lastKnownFileType = file.storyboard; name = Base; path = Base.lproj/LaunchScreen.storyboard; sourceTree = "<group>"; };
		E0A5AEAC1D03D50900E4337E /* Info.plist */ = {isa = PBXFileReference; lastKnownFileType = text.plist.xml; path = Info.plist; sourceTree = "<group>"; };
/* End PBXFileReference section */

/* Begin PBXFrameworksBuildPhase section */
		E0A5AE971D03D50800E4337E /* Frameworks */ = {
			isa = PBXFrameworksBuildPhase;
			buildActionMask = 2147483647;
			files = (
			);
			runOnlyForDeploymentPostprocessing = 0;
		};
/* End PBXFrameworksBuildPhase section */

/* Begin PBXGroup section */
		E0A5AE911D03D50800E4337E = {
			isa = PBXGroup;
			children = (
				E0A5AE9C1D03D50800E4337E /* WeatherForeCast.Swift */,
				E0A5AE9B1D03D50800E4337E /* Products */,
			);
			sourceTree = "<group>";
		};
		E0A5AE9B1D03D50800E4337E /* Products */ = {
			isa = PBXGroup;
			children = (
				E0A5AE9A1D03D50800E4337E /* WeatherForeCast.Swift.app */,
			);
			name = Products;
			sourceTree = "<group>";
		};
		E0A5AE9C1D03D50800E4337E /* WeatherForeCast.Swift */ = {
			isa = PBXGroup;
			children = (
				E0A5AE9D1D03D50800E4337E /* AppDelegate.swift */,
				E0A5AE9F1D03D50800E4337E /* ViewController.swift */,
				E0A5AEA11D03D50800E4337E /* Main.storyboard */,
				E0A5AEA71D03D50900E4337E /* Assets.xcassets */,
				E0A5AEA91D03D50900E4337E /* LaunchScreen.storyboard */,
				E0A5AEAC1D03D50900E4337E /* Info.plist */,
				E0A5AEA41D03D50800E4337E /* WeatherForeCast_Swift.xcdatamodeld */,
			);
			path = WeatherForeCast.Swift;
			sourceTree = "<group>";
		};
/* End PBXGroup section */

/* Begin PBXNativeTarget section */
		E0A5AE991D03D50800E4337E /* WeatherForeCast.Swift */ = {
			isa = PBXNativeTarget;
			buildConfigurationList = E0A5AEAF1D03D50900E4337E /* Build configuration list for PBXNativeTarget "WeatherForeCast.Swift" */;
			buildPhases = (
				E0A5AE961D03D50800E4337E /* Sources */,
				E0A5AE971D03D50800E4337E /* Frameworks */,
				E0A5AE981D03D50800E4337E /* Resources */,
			);
			buildRules = (
			);
			dependencies = (
			);
			name = WeatherForeCast.Swift;
			productName = WeatherForeCast.Swift;
			productReference = E0A5AE9A1D03D50800E4337E /* WeatherForeCast.Swift.app */;
			productType = "com.apple.product-type.application";
		};
/* End PBXNativeTarget section */

/* Begin PBXProject section */
		E0A5AE921D03D50800E4337E /* Project object */ = {
			isa = PBXProject;
			attributes = {
				LastSwiftUpdateCheck = 0730;
				LastUpgradeCheck = 0730;
				ORGANIZATIONNAME = "李宇佳";
				TargetAttributes = {
					E0A5AE991D03D50800E4337E = {
						CreatedOnToolsVersion = 7.3.1;
						DevelopmentTeam = FM846B7MS4;
					};
				};
			};
			buildConfigurationList = E0A5AE951D03D50800E4337E /* Build configuration list for PBXProject "WeatherForeCast.Swift" */;
			compatibilityVersion = "Xcode 3.2";
			developmentRegion = English;
			hasScannedForEncodings = 0;
			knownRegions = (
				en,
				Base,
			);
			mainGroup = E0A5AE911D03D50800E4337E;
			productRefGroup = E0A5AE9B1D03D50800E4337E /* Products */;
			projectDirPath = "";
			projectRoot = "";
			targets = (
				E0A5AE991D03D50800E4337E /* WeatherForeCast.Swift */,
			);
		};
/* End PBXProject section */

/* Begin PBXResourcesBuildPhase section */
		E0A5AE981D03D50800E4337E /* Resources */ = {
			isa = PBXResourcesBuildPhase;
			buildActionMask = 2147483647;
			files = (
				E0A5AEAB1D03D50900E4337E /* LaunchScreen.storyboard in Resources */,
				E0A5AEA81D03D50900E4337E /* Assets.xcassets in Resources */,
				E0A5AEA31D03D50800E4337E /* Main.storyboard in Resources */,
			);
			runOnlyForDeploymentPostprocessing = 0;
		};
/* End PBXResourcesBuildPhase section */

/* Begin PBXSourcesBuildPhase section */
		E0A5AE961D03D50800E4337E /* Sources */ = {
			isa = PBXSourcesBuildPhase;
			buildActionMask = 2147483647;
			files = (
				E0A5AEA01D03D50800E4337E /* ViewController.swift in Sources */,
				E0A5AEA61D03D50900E4337E /* WeatherForeCast_Swift.xcdatamodeld in Sources */,
				E0A5AE9E1D03D50800E4337E /* AppDelegate.swift in Sources */,
			);
			runOnlyForDeploymentPostprocessing = 0;
		};
/* End PBXSourcesBuildPhase section */

/* Begin PBXVariantGroup section */
		E0A5AEA11D03D50800E4337E /* Main.storyboard */ = {
			isa = PBXVariantGroup;
			children = (
				E0A5AEA21D03D50800E4337E /* Base */,
			);
			name = Main.storyboard;
			sourceTree = "<group>";
		};
		E0A5AEA91D03D50900E4337E /* LaunchScreen.storyboard */ = {
			isa = PBXVariantGroup;
			children = (
				E0A5AEAA1D03D50900E4337E /* Base */,
			);
			name = LaunchScreen.storyboard;
			sourceTree = "<group>";
		};
/* End PBXVariantGroup section */

/* Begin XCBuildConfiguration section */
		E0A5AEAD1D03D50900E4337E /* Debug */ = {
			isa = XCBuildConfiguration;
			buildSettings = {
				ALWAYS_SEARCH_USER_PATHS = NO;
				CLANG_ANALYZER_NONNULL = YES;
				CLANG_CXX_LANGUAGE_STANDARD = "gnu++0x";
				CLANG_CXX_LIBRARY = "libc++";
				CLANG_ENABLE_MODULES = YES;
				CLANG_ENABLE_OBJC_ARC = YES;
				CLANG_WARN_BOOL_CONVERSION = YES;
				CLANG_WARN_CONSTANT_CONVERSION = YES;
				CLANG_WARN_DIRECT_OBJC_ISA_USAGE = YES_ERROR;
				CLANG_WARN_EMPTY_BODY = YES;
				CLANG_WARN_ENUM_CONVERSION = YES;
				CLANG_WARN_INT_CONVERSION = YES;
				CLANG_WARN_OBJC_ROOT_CLASS = YES_ERROR;
				CLANG_WARN_UNREACHABLE_CODE = YES;
				CLANG_WARN__DUPLICATE_METHOD_MATCH = YES;
				"CODE_SIGN_IDENTITY[sdk=iphoneos*]" = "iPhone Developer";
				COPY_PHASE_STRIP = NO;
				DEBUG_INFORMATION_FORMAT = dwarf;
				ENABLE_STRICT_OBJC_MSGSEND = YES;
				ENABLE_TESTABILITY = YES;
				GCC_C_LANGUAGE_STANDARD = gnu99;
				GCC_DYNAMIC_NO_PIC = NO;
				GCC_NO_COMMON_BLOCKS = YES;
				GCC_OPTIMIZATION_LEVEL = 0;
				GCC_PREPROCESSOR_DEFINITIONS = (
					"DEBUG=1",
					"$(inherited)",
				);
				GCC_WARN_64_TO_32_BIT_CONVERSION = YES;
				GCC_WARN_ABOUT_RETURN_TYPE = YES_ERROR;
				GCC_WARN_UNDECLARED_SELECTOR = YES;
				GCC_WARN_UNINITIALIZED_AUTOS = YES_AGGRESSIVE;
				GCC_WARN_UNUSED_FUNCTION = YES;
				GCC_WARN_UNUSED_VARIABLE = YES;
				IPHONEOS_DEPLOYMENT_TARGET = 9.3;
				MTL_ENABLE_DEBUG_INFO = YES;
				ONLY_ACTIVE_ARCH = YES;
				SDKROOT = iphoneos;
				SWIFT_OPTIMIZATION_LEVEL = "-Onone";
				TARGETED_DEVICE_FAMILY = "1,2";
			};
			name = Debug;
		};
		E0A5AEAE1D03D50900E4337E /* Release */ = {
			isa = XCBuildConfiguration;
			buildSettings = {
				ALWAYS_SEARCH_USER_PATHS = NO;
				CLANG_ANALYZER_NONNULL = YES;
				CLANG_CXX_LANGUAGE_STANDARD = "gnu++0x";
				CLANG_CXX_LIBRARY = "libc++";
				CLANG_ENABLE_MODULES = YES;
				CLANG_ENABLE_OBJC_ARC = YES;
				CLANG_WARN_BOOL_CONVERSION = YES;
				CLANG_WARN_CONSTANT_CONVERSION = YES;
				CLANG_WARN_DIRECT_OBJC_ISA_USAGE = YES_ERROR;
				CLANG_WARN_EMPTY_BODY = YES;
				CLANG_WARN_ENUM_CONVERSION = YES;
				CLANG_WARN_INT_CONVERSION = YES;
				CLANG_WARN_OBJC_ROOT_CLASS = YES_ERROR;
				CLANG_WARN_UNREACHABLE_CODE = YES;
				CLANG_WARN__DUPLICATE_METHOD_MATCH = YES;
				"CODE_SIGN_IDENTITY[sdk=iphoneos*]" = "iPhone Developer";
				COPY_PHASE_STRIP = NO;
				DEBUG_INFORMATION_FORMAT = "dwarf-with-dsym";
				ENABLE_NS_ASSERTIONS = NO;
				ENABLE_STRICT_OBJC_MSGSEND = YES;
				GCC_C_LANGUAGE_STANDARD = gnu99;
				GCC_NO_COMMON_BLOCKS = YES;
				GCC_WARN_64_TO_32_BIT_CONVERSION = YES;
				GCC_WARN_ABOUT_RETURN_TYPE = YES_ERROR;
				GCC_WARN_UNDECLARED_SELECTOR = YES;
				GCC_WARN_UNINITIALIZED_AUTOS = YES_AGGRESSIVE;
				GCC_WARN_UNUSED_FUNCTION = YES;
				GCC_WARN_UNUSED_VARIABLE = YES;
				IPHONEOS_DEPLOYMENT_TARGET = 9.3;
				MTL_ENABLE_DEBUG_INFO = NO;
				SDKROOT = iphoneos;
				TARGETED_DEVICE_FAMILY = "1,2";
				VALIDATE_PRODUCT = YES;
			};
			name = Release;
		};
		E0A5AEB01D03D50900E4337E /* Debug */ = {
			isa = XCBuildConfiguration;
			buildSettings = {
				ASSETCATALOG_COMPILER_APPICON_NAME = AppIcon;
				INFOPLIST_FILE = WeatherForeCast.Swift/Info.plist;
				LD_RUNPATH_SEARCH_PATHS = "$(inherited) @executable_path/Frameworks";
				PRODUCT_BUNDLE_IDENTIFIER = "liyujia.WeatherForeCast-Swift";
				PRODUCT_NAME = "$(TARGET_NAME)";
			};
			name = Debug;
		};
		E0A5AEB11D03D50900E4337E /* Release */ = {
			isa = XCBuildConfiguration;
			buildSettings = {
				ASSETCATALOG_COMPILER_APPICON_NAME = AppIcon;
				INFOPLIST_FILE = WeatherForeCast.Swift/Info.plist;
				LD_RUNPATH_SEARCH_PATHS = "$(inherited) @executable_path/Frameworks";
				PRODUCT_BUNDLE_IDENTIFIER = "liyujia.WeatherForeCast-Swift";
				PRODUCT_NAME = "$(TARGET_NAME)";
			};
			name = Release;
		};
/* End XCBuildConfiguration section */

/* Begin XCConfigurationList section */
		E0A5AE951D03D50800E4337E /* Build configuration list for PBXProject "WeatherForeCast.Swift" */ = {
			isa = XCConfigurationList;
			buildConfigurations = (
				E0A5AEAD1D03D50900E4337E /* Debug */,
				E0A5AEAE1D03D50900E4337E /* Release */,
			);
			defaultConfigurationIsVisible = 0;
			defaultConfigurationName = Release;
		};
		E0A5AEAF1D03D50900E4337E /* Build configuration list for PBXNativeTarget "WeatherForeCast.Swift" */ = {
			isa = XCConfigurationList;
			buildConfigurations = (
				E0A5AEB01D03D50900E4337E /* Debug */,
				E0A5AEB11D03D50900E4337E /* Release */,
			);
			defaultConfigurationIsVisible = 0;
		};
/* End XCConfigurationList section */

/* Begin XCVersionGroup section */
		E0A5AEA41D03D50800E4337E /* WeatherForeCast_Swift.xcdatamodeld */ = {
			isa = XCVersionGroup;
			children = (
				E0A5AEA51D03D50800E4337E /* WeatherForeCast_Swift.xcdatamodel */,
			);
			currentVersion = E0A5AEA51D03D50800E4337E /* WeatherForeCast_Swift.xcdatamodel */;
			path = WeatherForeCast_Swift.xcdatamodeld;
			sourceTree = "<group>";
			versionGroupType = wrapper.xcdatamodel;
		};
/* End XCVersionGroup section */
	};
	rootObject = E0A5AE921D03D50800E4337E /* Project object */;
}
